
Microsoft Visual Studio Solution File, Format Version 12.00
# Visual Studio Version 16
VisualStudioVersion = 16.0.32106.194
MinimumVisualStudioVersion = 10.0.40219.1
Project("{FAE04EC0-301F-11D3-BF4B-00C04F79EFBC}") = "CursoCSharp", "CursoCSharp.csproj", "{2B1FD69B-5DAE-48A3-81D0-8D042E8E5C5C}"
EndProject
Global
	GlobalSection(SolutionConfigurationPlatforms) = preSolution
		Debug|Any CPU = Debug|Any CPU
		Release|Any CPU = Release|Any CPU
	EndGlobalSection
	GlobalSection(ProjectConfigurationPlatforms) = postSolution
		{2B1FD69B-5DAE-48A3-81D0-8D042E8E5C5C}.Debug|Any CPU.ActiveCfg = Debug|Any CPU
		{2B1FD69B-5DAE-48A3-81D0-8D042E8E5C5C}.Debug|Any CPU.Build.0 = Debug|Any CPU
		{2B1FD69B-5DAE-48A3-81D0-8D042E8E5C5C}.Release|Any CPU.ActiveCfg = Release|Any CPU
		{2B1FD69B-5DAE-48A3-81D0-8D042E8E5C5C}.Release|Any CPU.Build.0 = Release|Any CPU
	EndGlobalSection
	GlobalSection(SolutionProperties) = preSolution
		HideSolutionNode = FALSE
	EndGlobalSection
	GlobalSection(ExtensibilityGlobals) = postSolution
		SolutionGuid = {4510562E-86D2-45F2-8F69-D1390F4D1BBE}
	EndGlobalSection
EndGlobal
